
Microsoft Visual Studio Solution File, Format Version 12.00
Project("{2150E333-8FDC-42A3-9474-1A3956D46DE8}") = "src", "src", "{3975B872-6015-4FDE-8829-D21D50401711}"
EndProject
Project("{2150E333-8FDC-42A3-9474-1A3956D46DE8}") = "tests", "tests", "{003C8A2F-53F6-4977-912A-B277FDB4EC46}"
EndProject
Project("{FAE04EC0-301F-11D3-BF4B-00C04F79EFBC}") = "Lib", "Lib\Lib.csproj", "{737C8F3B-15D1-4C77-BC77-BE6EC6B46DFD}"
EndProject
Project("{FAE04EC0-301F-11D3-BF4B-00C04F79EFBC}") = "Downloader.Tests", "Downloader.Tests\Downloader.Tests.csproj", "{83C14006-7C6D-4A35-BF2B-FFF69B77D3EA}"
EndProject
Project("{FAE04EC0-301F-11D3-BF4B-00C04F79EFBC}") = "Program", "Program\Program.csproj", "{0B18683C-2354-42B3-8652-8FED6F36DD52}"
EndProject
Project("{FAE04EC0-301F-11D3-BF4B-00C04F79EFBC}") = "Dtos", "Dtos\Dtos.csproj", "{F318E5CE-9EE9-4143-A994-9C41816A7D62}"
EndProject
Global
	GlobalSection(SolutionConfigurationPlatforms) = preSolution
		Debug|Any CPU = Debug|Any CPU
		Release|Any CPU = Release|Any CPU
	EndGlobalSection
	GlobalSection(NestedProjects) = preSolution
		{737C8F3B-15D1-4C77-BC77-BE6EC6B46DFD} = {3975B872-6015-4FDE-8829-D21D50401711}
		{83C14006-7C6D-4A35-BF2B-FFF69B77D3EA} = {003C8A2F-53F6-4977-912A-B277FDB4EC46}
		{0B18683C-2354-42B3-8652-8FED6F36DD52} = {3975B872-6015-4FDE-8829-D21D50401711}
		{F318E5CE-9EE9-4143-A994-9C41816A7D62} = {3975B872-6015-4FDE-8829-D21D50401711}
	EndGlobalSection
	GlobalSection(ProjectConfigurationPlatforms) = postSolution
		{737C8F3B-15D1-4C77-BC77-BE6EC6B46DFD}.Debug|Any CPU.ActiveCfg = Debug|Any CPU
		{737C8F3B-15D1-4C77-BC77-BE6EC6B46DFD}.Debug|Any CPU.Build.0 = Debug|Any CPU
		{737C8F3B-15D1-4C77-BC77-BE6EC6B46DFD}.Release|Any CPU.ActiveCfg = Release|Any CPU
		{737C8F3B-15D1-4C77-BC77-BE6EC6B46DFD}.Release|Any CPU.Build.0 = Release|Any CPU
		{83C14006-7C6D-4A35-BF2B-FFF69B77D3EA}.Debug|Any CPU.ActiveCfg = Debug|Any CPU
		{83C14006-7C6D-4A35-BF2B-FFF69B77D3EA}.Debug|Any CPU.Build.0 = Debug|Any CPU
		{83C14006-7C6D-4A35-BF2B-FFF69B77D3EA}.Release|Any CPU.ActiveCfg = Release|Any CPU
		{83C14006-7C6D-4A35-BF2B-FFF69B77D3EA}.Release|Any CPU.Build.0 = Release|Any CPU
		{0B18683C-2354-42B3-8652-8FED6F36DD52}.Debug|Any CPU.ActiveCfg = Debug|Any CPU
		{0B18683C-2354-42B3-8652-8FED6F36DD52}.Debug|Any CPU.Build.0 = Debug|Any CPU
		{0B18683C-2354-42B3-8652-8FED6F36DD52}.Release|Any CPU.ActiveCfg = Release|Any CPU
		{0B18683C-2354-42B3-8652-8FED6F36DD52}.Release|Any CPU.Build.0 = Release|Any CPU
		{F318E5CE-9EE9-4143-A994-9C41816A7D62}.Debug|Any CPU.ActiveCfg = Debug|Any CPU
		{F318E5CE-9EE9-4143-A994-9C41816A7D62}.Debug|Any CPU.Build.0 = Debug|Any CPU
		{F318E5CE-9EE9-4143-A994-9C41816A7D62}.Release|Any CPU.ActiveCfg = Release|Any CPU
		{F318E5CE-9EE9-4143-A994-9C41816A7D62}.Release|Any CPU.Build.0 = Release|Any CPU
	EndGlobalSection
EndGlobal
